
Microsoft Visual Studio Solution File, Format Version 12.00
# Visual Studio 14
VisualStudioVersion = 14.0.23107.0
MinimumVisualStudioVersion = 10.0.40219.1
Project("{FAE04EC0-301F-11D3-BF4B-00C04F79EFBC}") = "Generals Manager", "Generals Settings\Generals Manager.csproj", "{9939486E-955C-476B-B3D4-A852EE0696F5}"
EndProject
Global
	GlobalSection(SolutionConfigurationPlatforms) = preSolution
		Debug|Any CPU = Debug|Any CPU
		Release|Any CPU = Release|Any CPU
	EndGlobalSection
	GlobalSection(ProjectConfigurationPlatforms) = postSolution
		{9939486E-955C-476B-B3D4-A852EE0696F5}.Debug|Any CPU.ActiveCfg = Debug|Any CPU
		{9939486E-955C-476B-B3D4-A852EE0696F5}.Debug|Any CPU.Build.0 = Debug|Any CPU
		{9939486E-955C-476B-B3D4-A852EE0696F5}.Release|Any CPU.ActiveCfg = Release|Any CPU
		{9939486E-955C-476B-B3D4-A852EE0696F5}.Release|Any CPU.Build.0 = Release|Any CPU
	EndGlobalSection
	GlobalSection(SolutionProperties) = preSolution
		HideSolutionNode = FALSE
	EndGlobalSection
EndGlobal
